
Microsoft Visual Studio Solution File, Format Version 12.00
# Visual Studio 14
VisualStudioVersion = 14.0.25123.0
MinimumVisualStudioVersion = 10.0.40219.1
Project("{FAE04EC0-301F-11D3-BF4B-00C04F79EFBC}") = "DiscordConnector", "DiscordConnector\DiscordConnector.csproj", "{BD6BC307-DE85-41BD-A304-A2D03A7B2BD2}"
EndProject
Project("{FAE04EC0-301F-11D3-BF4B-00C04F79EFBC}") = "DiscordConnector.Tests", "DiscordConnector.Tests\DiscordConnector.Tests.csproj", "{50B99D4C-27D5-4013-AE9F-44F351011BBC}"
EndProject
Global
	GlobalSection(SolutionConfigurationPlatforms) = preSolution
		Debug|Any CPU = Debug|Any CPU
		Release|Any CPU = Release|Any CPU
	EndGlobalSection
	GlobalSection(ProjectConfigurationPlatforms) = postSolution
		{BD6BC307-DE85-41BD-A304-A2D03A7B2BD2}.Debug|Any CPU.ActiveCfg = Debug|Any CPU
		{BD6BC307-DE85-41BD-A304-A2D03A7B2BD2}.Debug|Any CPU.Build.0 = Debug|Any CPU
		{BD6BC307-DE85-41BD-A304-A2D03A7B2BD2}.Release|Any CPU.ActiveCfg = Release|Any CPU
		{BD6BC307-DE85-41BD-A304-A2D03A7B2BD2}.Release|Any CPU.Build.0 = Release|Any CPU
		{50B99D4C-27D5-4013-AE9F-44F351011BBC}.Debug|Any CPU.ActiveCfg = Debug|Any CPU
		{50B99D4C-27D5-4013-AE9F-44F351011BBC}.Debug|Any CPU.Build.0 = Debug|Any CPU
		{50B99D4C-27D5-4013-AE9F-44F351011BBC}.Release|Any CPU.ActiveCfg = Release|Any CPU
		{50B99D4C-27D5-4013-AE9F-44F351011BBC}.Release|Any CPU.Build.0 = Release|Any CPU
	EndGlobalSection
	GlobalSection(SolutionProperties) = preSolution
		HideSolutionNode = FALSE
	EndGlobalSection
EndGlobal
